// !$*UTF8*$!
{
	archiveVersion = 1;
	classes = {
	};
	objectVersion = 56;
	objects = {

/* Begin PBXBuildFile section */
		FC0579F82AC9DCC0004D8C1F /* InfoView.swift in Sources */ = {isa = PBXBuildFile; fileRef = FC0579F72AC9DCC0004D8C1F /* InfoView.swift */; };
		FC0579FA2AC9DCCC004D8C1F /* ToolsView.swift in Sources */ = {isa = PBXBuildFile; fileRef = FC0579F92AC9DCCC004D8C1F /* ToolsView.swift */; };
		FC0579FC2AC9DCD3004D8C1F /* FlashView.swift in Sources */ = {isa = PBXBuildFile; fileRef = FC0579FB2AC9DCD3004D8C1F /* FlashView.swift */; };
		FC0579FE2AC9DCDD004D8C1F /* ConfigView.swift in Sources */ = {isa = PBXBuildFile; fileRef = FC0579FD2AC9DCDD004D8C1F /* ConfigView.swift */; };
		FC057A002ACA24BA004D8C1F /* Constants.swift in Sources */ = {isa = PBXBuildFile; fileRef = FC0579FF2ACA24BA004D8C1F /* Constants.swift */; };
		FC5F337C2AC20BD6006B4E0B /* ScooterManager.swift in Sources */ = {isa = PBXBuildFile; fileRef = FC5F337B2AC20BD6006B4E0B /* ScooterManager.swift */; };
		FC5F337E2AC20BE1006B4E0B /* ScooterBluetooth.swift in Sources */ = {isa = PBXBuildFile; fileRef = FC5F337D2AC20BE1006B4E0B /* ScooterBluetooth.swift */; };
		FC5F33802AC213DE006B4E0B /* Scooter.swift in Sources */ = {isa = PBXBuildFile; fileRef = FC5F337F2AC213DE006B4E0B /* Scooter.swift */; };
		FC5F33822AC26F7B006B4E0B /* SHFW.swift in Sources */ = {isa = PBXBuildFile; fileRef = FC5F33812AC26F7B006B4E0B /* SHFW.swift */; };
		FC5F33862AC3391F006B4E0B /* NinebotCrypto.swift in Sources */ = {isa = PBXBuildFile; fileRef = FC5F33852AC3391F006B4E0B /* NinebotCrypto.swift */; };
		FC5F33892AC33945006B4E0B /* CryptoSwift in Frameworks */ = {isa = PBXBuildFile; productRef = FC5F33882AC33945006B4E0B /* CryptoSwift */; };
		FC5F338C2AC374DB006B4E0B /* OrderedCollections in Frameworks */ = {isa = PBXBuildFile; productRef = FC5F338B2AC374DB006B4E0B /* OrderedCollections */; };
		FC5F338E2AC98ABC006B4E0B /* ScooterView.swift in Sources */ = {isa = PBXBuildFile; fileRef = FC5F338D2AC98ABC006B4E0B /* ScooterView.swift */; };
		FC5F33902AC9D6B0006B4E0B /* ScooterIcons.xcassets in Resources */ = {isa = PBXBuildFile; fileRef = FC5F338F2AC9D6B0006B4E0B /* ScooterIcons.xcassets */; };
		FCA1AAE42AC1A4D1004578F4 /* shut_iosApp.swift in Sources */ = {isa = PBXBuildFile; fileRef = FCA1AAE32AC1A4D1004578F4 /* shut_iosApp.swift */; };
		FCA1AAE62AC1A4D1004578F4 /* DiscoveryView.swift in Sources */ = {isa = PBXBuildFile; fileRef = FCA1AAE52AC1A4D1004578F4 /* DiscoveryView.swift */; };
		FCA1AAE82AC1A4D2004578F4 /* Assets.xcassets in Resources */ = {isa = PBXBuildFile; fileRef = FCA1AAE72AC1A4D2004578F4 /* Assets.xcassets */; };
		FCA1AAEC2AC1A4D2004578F4 /* Preview Assets.xcassets in Resources */ = {isa = PBXBuildFile; fileRef = FCA1AAEB2AC1A4D2004578F4 /* Preview Assets.xcassets */; };
		FCA328452ACB2B08004D39B6 /* MessageGlue.swift in Sources */ = {isa = PBXBuildFile; fileRef = FCA328442ACB2B08004D39B6 /* MessageGlue.swift */; };
		FCA328472ACB6B1F004D39B6 /* Utilities.swift in Sources */ = {isa = PBXBuildFile; fileRef = FCA328462ACB6B1F004D39B6 /* Utilities.swift */; };
/* End PBXBuildFile section */

/* Begin PBXFileReference section */
		FC0579F72AC9DCC0004D8C1F /* InfoView.swift */ = {isa = PBXFileReference; lastKnownFileType = sourcecode.swift; path = InfoView.swift; sourceTree = "<group>"; };
		FC0579F92AC9DCCC004D8C1F /* ToolsView.swift */ = {isa = PBXFileReference; lastKnownFileType = sourcecode.swift; path = ToolsView.swift; sourceTree = "<group>"; };
		FC0579FB2AC9DCD3004D8C1F /* FlashView.swift */ = {isa = PBXFileReference; lastKnownFileType = sourcecode.swift; path = FlashView.swift; sourceTree = "<group>"; };
		FC0579FD2AC9DCDD004D8C1F /* ConfigView.swift */ = {isa = PBXFileReference; lastKnownFileType = sourcecode.swift; path = ConfigView.swift; sourceTree = "<group>"; };
		FC0579FF2ACA24BA004D8C1F /* Constants.swift */ = {isa = PBXFileReference; lastKnownFileType = sourcecode.swift; path = Constants.swift; sourceTree = "<group>"; };
		FC5F337B2AC20BD6006B4E0B /* ScooterManager.swift */ = {isa = PBXFileReference; lastKnownFileType = sourcecode.swift; path = ScooterManager.swift; sourceTree = "<group>"; };
		FC5F337D2AC20BE1006B4E0B /* ScooterBluetooth.swift */ = {isa = PBXFileReference; lastKnownFileType = sourcecode.swift; path = ScooterBluetooth.swift; sourceTree = "<group>"; };
		FC5F337F2AC213DE006B4E0B /* Scooter.swift */ = {isa = PBXFileReference; lastKnownFileType = sourcecode.swift; path = Scooter.swift; sourceTree = "<group>"; };
		FC5F33812AC26F7B006B4E0B /* SHFW.swift */ = {isa = PBXFileReference; lastKnownFileType = sourcecode.swift; path = SHFW.swift; sourceTree = "<group>"; };
		FC5F33852AC3391F006B4E0B /* NinebotCrypto.swift */ = {isa = PBXFileReference; lastKnownFileType = sourcecode.swift; path = NinebotCrypto.swift; sourceTree = "<group>"; };
		FC5F338D2AC98ABC006B4E0B /* ScooterView.swift */ = {isa = PBXFileReference; lastKnownFileType = sourcecode.swift; path = ScooterView.swift; sourceTree = "<group>"; };
		FC5F338F2AC9D6B0006B4E0B /* ScooterIcons.xcassets */ = {isa = PBXFileReference; lastKnownFileType = folder.assetcatalog; path = ScooterIcons.xcassets; sourceTree = "<group>"; };
		FCA1AAE02AC1A4D1004578F4 /* shut-ios.app */ = {isa = PBXFileReference; explicitFileType = wrapper.application; includeInIndex = 0; path = "shut-ios.app"; sourceTree = BUILT_PRODUCTS_DIR; };
		FCA1AAE32AC1A4D1004578F4 /* shut_iosApp.swift */ = {isa = PBXFileReference; lastKnownFileType = sourcecode.swift; path = shut_iosApp.swift; sourceTree = "<group>"; };
		FCA1AAE52AC1A4D1004578F4 /* DiscoveryView.swift */ = {isa = PBXFileReference; lastKnownFileType = sourcecode.swift; path = DiscoveryView.swift; sourceTree = "<group>"; };
		FCA1AAE72AC1A4D2004578F4 /* Assets.xcassets */ = {isa = PBXFileReference; lastKnownFileType = folder.assetcatalog; path = Assets.xcassets; sourceTree = "<group>"; };
		FCA1AAE92AC1A4D2004578F4 /* shut_ios.entitlements */ = {isa = PBXFileReference; lastKnownFileType = text.plist.entitlements; path = shut_ios.entitlements; sourceTree = "<group>"; };
		FCA1AAEB2AC1A4D2004578F4 /* Preview Assets.xcassets */ = {isa = PBXFileReference; lastKnownFileType = folder.assetcatalog; path = "Preview Assets.xcassets"; sourceTree = "<group>"; };
		FCA328442ACB2B08004D39B6 /* MessageGlue.swift */ = {isa = PBXFileReference; lastKnownFileType = sourcecode.swift; path = MessageGlue.swift; sourceTree = "<group>"; };
		FCA328462ACB6B1F004D39B6 /* Utilities.swift */ = {isa = PBXFileReference; lastKnownFileType = sourcecode.swift; path = Utilities.swift; sourceTree = "<group>"; };
/* End PBXFileReference section */

/* Begin PBXFrameworksBuildPhase section */
		FCA1AADD2AC1A4D1004578F4 /* Frameworks */ = {
			isa = PBXFrameworksBuildPhase;
			buildActionMask = 2147483647;
			files = (
				FC5F338C2AC374DB006B4E0B /* OrderedCollections in Frameworks */,
				FC5F33892AC33945006B4E0B /* CryptoSwift in Frameworks */,
			);
			runOnlyForDeploymentPostprocessing = 0;
		};
/* End PBXFrameworksBuildPhase section */

/* Begin PBXGroup section */
		FC0579F42AC9DC90004D8C1F /* Views */ = {
			isa = PBXGroup;
			children = (
				FCA1AAE52AC1A4D1004578F4 /* DiscoveryView.swift */,
				FC5F338D2AC98ABC006B4E0B /* ScooterView.swift */,
				FC0579F72AC9DCC0004D8C1F /* InfoView.swift */,
				FC0579F92AC9DCCC004D8C1F /* ToolsView.swift */,
				FC0579FB2AC9DCD3004D8C1F /* FlashView.swift */,
				FC0579FD2AC9DCDD004D8C1F /* ConfigView.swift */,
			);
			path = Views;
			sourceTree = "<group>";
		};
		FCA1AAD72AC1A4D1004578F4 = {
			isa = PBXGroup;
			children = (
				FCA1AAE22AC1A4D1004578F4 /* shut-ios */,
				FCA1AAE12AC1A4D1004578F4 /* Products */,
			);
			sourceTree = "<group>";
		};
		FCA1AAE12AC1A4D1004578F4 /* Products */ = {
			isa = PBXGroup;
			children = (
				FCA1AAE02AC1A4D1004578F4 /* shut-ios.app */,
			);
			name = Products;
			sourceTree = "<group>";
		};
		FCA1AAE22AC1A4D1004578F4 /* shut-ios */ = {
			isa = PBXGroup;
			children = (
				FCA1AAE32AC1A4D1004578F4 /* shut_iosApp.swift */,
				FC5F337F2AC213DE006B4E0B /* Scooter.swift */,
				FC5F33812AC26F7B006B4E0B /* SHFW.swift */,
				FC5F338F2AC9D6B0006B4E0B /* ScooterIcons.xcassets */,
				FC0579F42AC9DC90004D8C1F /* Views */,
				FCA1AAE72AC1A4D2004578F4 /* Assets.xcassets */,
				FCA1AAE92AC1A4D2004578F4 /* shut_ios.entitlements */,
				FCA1AAEA2AC1A4D2004578F4 /* Preview Content */,
				FC5F337B2AC20BD6006B4E0B /* ScooterManager.swift */,
				FC5F337D2AC20BE1006B4E0B /* ScooterBluetooth.swift */,
				FC0579FF2ACA24BA004D8C1F /* Constants.swift */,
				FC5F33852AC3391F006B4E0B /* NinebotCrypto.swift */,
				FCA328442ACB2B08004D39B6 /* MessageGlue.swift */,
				FCA328462ACB6B1F004D39B6 /* Utilities.swift */,
			);
			path = "shut-ios";
			sourceTree = "<group>";
		};
		FCA1AAEA2AC1A4D2004578F4 /* Preview Content */ = {
			isa = PBXGroup;
			children = (
				FCA1AAEB2AC1A4D2004578F4 /* Preview Assets.xcassets */,
			);
			path = "Preview Content";
			sourceTree = "<group>";
		};
/* End PBXGroup section */

/* Begin PBXNativeTarget section */
		FCA1AADF2AC1A4D1004578F4 /* shut-ios */ = {
			isa = PBXNativeTarget;
			buildConfigurationList = FCA1AAEF2AC1A4D2004578F4 /* Build configuration list for PBXNativeTarget "shut-ios" */;
			buildPhases = (
				FCA1AADC2AC1A4D1004578F4 /* Sources */,
				FCA1AADD2AC1A4D1004578F4 /* Frameworks */,
				FCA1AADE2AC1A4D1004578F4 /* Resources */,
			);
			buildRules = (
			);
			dependencies = (
			);
			name = "shut-ios";
			packageProductDependencies = (
				FC5F33882AC33945006B4E0B /* CryptoSwift */,
				FC5F338B2AC374DB006B4E0B /* OrderedCollections */,
			);
			productName = "shut-ios";
			productReference = FCA1AAE02AC1A4D1004578F4 /* shut-ios.app */;
			productType = "com.apple.product-type.application";
		};
/* End PBXNativeTarget section */

/* Begin PBXProject section */
		FCA1AAD82AC1A4D1004578F4 /* Project object */ = {
			isa = PBXProject;
			attributes = {
				BuildIndependentTargetsInParallel = 1;
				LastSwiftUpdateCheck = 1500;
				LastUpgradeCheck = 1500;
				TargetAttributes = {
					FCA1AADF2AC1A4D1004578F4 = {
						CreatedOnToolsVersion = 15.0;
					};
				};
			};
			buildConfigurationList = FCA1AADB2AC1A4D1004578F4 /* Build configuration list for PBXProject "shut-ios" */;
			compatibilityVersion = "Xcode 14.0";
			developmentRegion = en;
			hasScannedForEncodings = 0;
			knownRegions = (
				en,
				Base,
			);
			mainGroup = FCA1AAD72AC1A4D1004578F4;
			packageReferences = (
				FC5F33872AC33945006B4E0B /* XCRemoteSwiftPackageReference "CryptoSwift" */,
				FC5F338A2AC374DB006B4E0B /* XCRemoteSwiftPackageReference "swift-collections" */,
			);
			productRefGroup = FCA1AAE12AC1A4D1004578F4 /* Products */;
			projectDirPath = "";
			projectRoot = "";
			targets = (
				FCA1AADF2AC1A4D1004578F4 /* shut-ios */,
			);
		};
/* End PBXProject section */

/* Begin PBXResourcesBuildPhase section */
		FCA1AADE2AC1A4D1004578F4 /* Resources */ = {
			isa = PBXResourcesBuildPhase;
			buildActionMask = 2147483647;
			files = (
				FCA1AAEC2AC1A4D2004578F4 /* Preview Assets.xcassets in Resources */,
				FCA1AAE82AC1A4D2004578F4 /* Assets.xcassets in Resources */,
				FC5F33902AC9D6B0006B4E0B /* ScooterIcons.xcassets in Resources */,
			);
			runOnlyForDeploymentPostprocessing = 0;
		};
/* End PBXResourcesBuildPhase section */

/* Begin PBXSourcesBuildPhase section */
		FCA1AADC2AC1A4D1004578F4 /* Sources */ = {
			isa = PBXSourcesBuildPhase;
			buildActionMask = 2147483647;
			files = (
				FC0579FE2AC9DCDD004D8C1F /* ConfigView.swift in Sources */,
				FC5F33802AC213DE006B4E0B /* Scooter.swift in Sources */,
				FC5F33822AC26F7B006B4E0B /* SHFW.swift in Sources */,
				FCA328472ACB6B1F004D39B6 /* Utilities.swift in Sources */,
				FCA1AAE62AC1A4D1004578F4 /* DiscoveryView.swift in Sources */,
				FC5F337C2AC20BD6006B4E0B /* ScooterManager.swift in Sources */,
				FC0579FA2AC9DCCC004D8C1F /* ToolsView.swift in Sources */,
				FC0579FC2AC9DCD3004D8C1F /* FlashView.swift in Sources */,
				FC057A002ACA24BA004D8C1F /* Constants.swift in Sources */,
				FC5F337E2AC20BE1006B4E0B /* ScooterBluetooth.swift in Sources */,
				FC5F33862AC3391F006B4E0B /* NinebotCrypto.swift in Sources */,
				FCA328452ACB2B08004D39B6 /* MessageGlue.swift in Sources */,
				FC5F338E2AC98ABC006B4E0B /* ScooterView.swift in Sources */,
				FC0579F82AC9DCC0004D8C1F /* InfoView.swift in Sources */,
				FCA1AAE42AC1A4D1004578F4 /* shut_iosApp.swift in Sources */,
			);
			runOnlyForDeploymentPostprocessing = 0;
		};
/* End PBXSourcesBuildPhase section */

/* Begin XCBuildConfiguration section */
		FCA1AAED2AC1A4D2004578F4 /* Debug */ = {
			isa = XCBuildConfiguration;
			buildSettings = {
				ALWAYS_SEARCH_USER_PATHS = NO;
				ASSETCATALOG_COMPILER_GENERATE_SWIFT_ASSET_SYMBOL_EXTENSIONS = YES;
				CLANG_ANALYZER_NONNULL = YES;
				CLANG_ANALYZER_NUMBER_OBJECT_CONVERSION = YES_AGGRESSIVE;
				CLANG_CXX_LANGUAGE_STANDARD = "gnu++20";
				CLANG_ENABLE_MODULES = YES;
				CLANG_ENABLE_OBJC_ARC = YES;
				CLANG_ENABLE_OBJC_WEAK = YES;
				CLANG_WARN_BLOCK_CAPTURE_AUTORELEASING = YES;
				CLANG_WARN_BOOL_CONVERSION = YES;
				CLANG_WARN_COMMA = YES;
				CLANG_WARN_CONSTANT_CONVERSION = YES;
				CLANG_WARN_DEPRECATED_OBJC_IMPLEMENTATIONS = YES;
				CLANG_WARN_DIRECT_OBJC_ISA_USAGE = YES_ERROR;
				CLANG_WARN_DOCUMENTATION_COMMENTS = YES;
				CLANG_WARN_EMPTY_BODY = YES;
				CLANG_WARN_ENUM_CONVERSION = YES;
				CLANG_WARN_INFINITE_RECURSION = YES;
				CLANG_WARN_INT_CONVERSION = YES;
				CLANG_WARN_NON_LITERAL_NULL_CONVERSION = YES;
				CLANG_WARN_OBJC_IMPLICIT_RETAIN_SELF = YES;
				CLANG_WARN_OBJC_LITERAL_CONVERSION = YES;
				CLANG_WARN_OBJC_ROOT_CLASS = YES_ERROR;
				CLANG_WARN_QUOTED_INCLUDE_IN_FRAMEWORK_HEADER = YES;
				CLANG_WARN_RANGE_LOOP_ANALYSIS = YES;
				CLANG_WARN_STRICT_PROTOTYPES = YES;
				CLANG_WARN_SUSPICIOUS_MOVE = YES;
				CLANG_WARN_UNGUARDED_AVAILABILITY = YES_AGGRESSIVE;
				CLANG_WARN_UNREACHABLE_CODE = YES;
				CLANG_WARN__DUPLICATE_METHOD_MATCH = YES;
				COPY_PHASE_STRIP = NO;
				DEBUG_INFORMATION_FORMAT = dwarf;
				ENABLE_STRICT_OBJC_MSGSEND = YES;
				ENABLE_TESTABILITY = YES;
				ENABLE_USER_SCRIPT_SANDBOXING = YES;
				GCC_C_LANGUAGE_STANDARD = gnu17;
				GCC_DYNAMIC_NO_PIC = NO;
				GCC_NO_COMMON_BLOCKS = YES;
				GCC_OPTIMIZATION_LEVEL = 0;
				GCC_PREPROCESSOR_DEFINITIONS = (
					"DEBUG=1",
					"$(inherited)",
				);
				GCC_WARN_64_TO_32_BIT_CONVERSION = YES;
				GCC_WARN_ABOUT_RETURN_TYPE = YES_ERROR;
				GCC_WARN_UNDECLARED_SELECTOR = YES;
				GCC_WARN_UNINITIALIZED_AUTOS = YES_AGGRESSIVE;
				GCC_WARN_UNUSED_FUNCTION = YES;
				GCC_WARN_UNUSED_VARIABLE = YES;
				LOCALIZATION_PREFERS_STRING_CATALOGS = YES;
				MTL_ENABLE_DEBUG_INFO = INCLUDE_SOURCE;
				MTL_FAST_MATH = YES;
				ONLY_ACTIVE_ARCH = YES;
				SWIFT_ACTIVE_COMPILATION_CONDITIONS = "DEBUG $(inherited)";
				SWIFT_OPTIMIZATION_LEVEL = "-Onone";
			};
			name = Debug;
		};
		FCA1AAEE2AC1A4D2004578F4 /* Release */ = {
			isa = XCBuildConfiguration;
			buildSettings = {
				ALWAYS_SEARCH_USER_PATHS = NO;
				ASSETCATALOG_COMPILER_GENERATE_SWIFT_ASSET_SYMBOL_EXTENSIONS = YES;
				CLANG_ANALYZER_NONNULL = YES;
				CLANG_ANALYZER_NUMBER_OBJECT_CONVERSION = YES_AGGRESSIVE;
				CLANG_CXX_LANGUAGE_STANDARD = "gnu++20";
				CLANG_ENABLE_MODULES = YES;
				CLANG_ENABLE_OBJC_ARC = YES;
				CLANG_ENABLE_OBJC_WEAK = YES;
				CLANG_WARN_BLOCK_CAPTURE_AUTORELEASING = YES;
				CLANG_WARN_BOOL_CONVERSION = YES;
				CLANG_WARN_COMMA = YES;
				CLANG_WARN_CONSTANT_CONVERSION = YES;
				CLANG_WARN_DEPRECATED_OBJC_IMPLEMENTATIONS = YES;
				CLANG_WARN_DIRECT_OBJC_ISA_USAGE = YES_ERROR;
				CLANG_WARN_DOCUMENTATION_COMMENTS = YES;
				CLANG_WARN_EMPTY_BODY = YES;
				CLANG_WARN_ENUM_CONVERSION = YES;
				CLANG_WARN_INFINITE_RECURSION = YES;
				CLANG_WARN_INT_CONVERSION = YES;
				CLANG_WARN_NON_LITERAL_NULL_CONVERSION = YES;
				CLANG_WARN_OBJC_IMPLICIT_RETAIN_SELF = YES;
				CLANG_WARN_OBJC_LITERAL_CONVERSION = YES;
				CLANG_WARN_OBJC_ROOT_CLASS = YES_ERROR;
				CLANG_WARN_QUOTED_INCLUDE_IN_FRAMEWORK_HEADER = YES;
				CLANG_WARN_RANGE_LOOP_ANALYSIS = YES;
				CLANG_WARN_STRICT_PROTOTYPES = YES;
				CLANG_WARN_SUSPICIOUS_MOVE = YES;
				CLANG_WARN_UNGUARDED_AVAILABILITY = YES_AGGRESSIVE;
				CLANG_WARN_UNREACHABLE_CODE = YES;
				CLANG_WARN__DUPLICATE_METHOD_MATCH = YES;
				COPY_PHASE_STRIP = NO;
				DEBUG_INFORMATION_FORMAT = "dwarf-with-dsym";
				ENABLE_NS_ASSERTIONS = NO;
				ENABLE_STRICT_OBJC_MSGSEND = YES;
				ENABLE_USER_SCRIPT_SANDBOXING = YES;
				GCC_C_LANGUAGE_STANDARD = gnu17;
				GCC_NO_COMMON_BLOCKS = YES;
				GCC_WARN_64_TO_32_BIT_CONVERSION = YES;
				GCC_WARN_ABOUT_RETURN_TYPE = YES_ERROR;
				GCC_WARN_UNDECLARED_SELECTOR = YES;
				GCC_WARN_UNINITIALIZED_AUTOS = YES_AGGRESSIVE;
				GCC_WARN_UNUSED_FUNCTION = YES;
				GCC_WARN_UNUSED_VARIABLE = YES;
				LOCALIZATION_PREFERS_STRING_CATALOGS = YES;
				MTL_ENABLE_DEBUG_INFO = NO;
				MTL_FAST_MATH = YES;
				SWIFT_COMPILATION_MODE = wholemodule;
			};
			name = Release;
		};
		FCA1AAF02AC1A4D2004578F4 /* Debug */ = {
			isa = XCBuildConfiguration;
			buildSettings = {
				ASSETCATALOG_COMPILER_APPICON_NAME = AppIcon;
				ASSETCATALOG_COMPILER_GLOBAL_ACCENT_COLOR_NAME = AccentColor;
				CODE_SIGN_ENTITLEMENTS = "shut-ios/shut_ios.entitlements";
				CODE_SIGN_STYLE = Automatic;
				CURRENT_PROJECT_VERSION = 1;
				DEVELOPMENT_ASSET_PATHS = "\"shut-ios/Preview Content\"";
				DEVELOPMENT_TEAM = 8GX54X43A7;
				ENABLE_HARDENED_RUNTIME = YES;
				ENABLE_PREVIEWS = YES;
				GENERATE_INFOPLIST_FILE = YES;
				INFOPLIST_KEY_CFBundleDisplayName = "Archs Scooter Utility";
				INFOPLIST_KEY_NSBluetoothAlwaysUsageDescription = "Used to communicate with your electric scooter";
				"INFOPLIST_KEY_UIApplicationSceneManifest_Generation[sdk=iphoneos*]" = YES;
				"INFOPLIST_KEY_UIApplicationSceneManifest_Generation[sdk=iphonesimulator*]" = YES;
				"INFOPLIST_KEY_UIApplicationSupportsIndirectInputEvents[sdk=iphoneos*]" = YES;
				"INFOPLIST_KEY_UIApplicationSupportsIndirectInputEvents[sdk=iphonesimulator*]" = YES;
				"INFOPLIST_KEY_UILaunchScreen_Generation[sdk=iphoneos*]" = YES;
				"INFOPLIST_KEY_UILaunchScreen_Generation[sdk=iphonesimulator*]" = YES;
				"INFOPLIST_KEY_UIStatusBarStyle[sdk=iphoneos*]" = UIStatusBarStyleDefault;
				"INFOPLIST_KEY_UIStatusBarStyle[sdk=iphonesimulator*]" = UIStatusBarStyleDefault;
				INFOPLIST_KEY_UISupportedInterfaceOrientations_iPad = "UIInterfaceOrientationPortrait UIInterfaceOrientationPortraitUpsideDown UIInterfaceOrientationLandscapeLeft UIInterfaceOrientationLandscapeRight";
				INFOPLIST_KEY_UISupportedInterfaceOrientations_iPhone = "UIInterfaceOrientationPortrait UIInterfaceOrientationLandscapeLeft UIInterfaceOrientationLandscapeRight";
				IPHONEOS_DEPLOYMENT_TARGET = 17.0;
				LD_RUNPATH_SEARCH_PATHS = "@executable_path/Frameworks";
				"LD_RUNPATH_SEARCH_PATHS[sdk=macosx*]" = "@executable_path/../Frameworks";
				MACOSX_DEPLOYMENT_TARGET = 13.4;
				MARKETING_VERSION = 1.0;
				PRODUCT_BUNDLE_IDENTIFIER = "com.archgryphon.shut-ios";
				PRODUCT_NAME = "$(TARGET_NAME)";
				SDKROOT = auto;
				SUPPORTED_PLATFORMS = "iphoneos iphonesimulator macosx";
				SWIFT_EMIT_LOC_STRINGS = YES;
				SWIFT_VERSION = 5.0;
				TARGETED_DEVICE_FAMILY = "1,2";
			};
			name = Debug;
		};
		FCA1AAF12AC1A4D2004578F4 /* Release */ = {
			isa = XCBuildConfiguration;
			buildSettings = {
				ASSETCATALOG_COMPILER_APPICON_NAME = AppIcon;
				ASSETCATALOG_COMPILER_GLOBAL_ACCENT_COLOR_NAME = AccentColor;
				CODE_SIGN_ENTITLEMENTS = "shut-ios/shut_ios.entitlements";
				CODE_SIGN_STYLE = Automatic;
				CURRENT_PROJECT_VERSION = 1;
				DEVELOPMENT_ASSET_PATHS = "\"shut-ios/Preview Content\"";
				DEVELOPMENT_TEAM = 8GX54X43A7;
				ENABLE_HARDENED_RUNTIME = YES;
				ENABLE_PREVIEWS = YES;
				GENERATE_INFOPLIST_FILE = YES;
				INFOPLIST_KEY_CFBundleDisplayName = "Archs Scooter Utility";
				INFOPLIST_KEY_NSBluetoothAlwaysUsageDescription = "Used to communicate with your electric scooter";
				"INFOPLIST_KEY_UIApplicationSceneManifest_Generation[sdk=iphoneos*]" = YES;
				"INFOPLIST_KEY_UIApplicationSceneManifest_Generation[sdk=iphonesimulator*]" = YES;
				"INFOPLIST_KEY_UIApplicationSupportsIndirectInputEvents[sdk=iphoneos*]" = YES;
				"INFOPLIST_KEY_UIApplicationSupportsIndirectInputEvents[sdk=iphonesimulator*]" = YES;
				"INFOPLIST_KEY_UILaunchScreen_Generation[sdk=iphoneos*]" = YES;
				"INFOPLIST_KEY_UILaunchScreen_Generation[sdk=iphonesimulator*]" = YES;
				"INFOPLIST_KEY_UIStatusBarStyle[sdk=iphoneos*]" = UIStatusBarStyleDefault;
				"INFOPLIST_KEY_UIStatusBarStyle[sdk=iphonesimulator*]" = UIStatusBarStyleDefault;
				INFOPLIST_KEY_UISupportedInterfaceOrientations_iPad = "UIInterfaceOrientationPortrait UIInterfaceOrientationPortraitUpsideDown UIInterfaceOrientationLandscapeLeft UIInterfaceOrientationLandscapeRight";
				INFOPLIST_KEY_UISupportedInterfaceOrientations_iPhone = "UIInterfaceOrientationPortrait UIInterfaceOrientationLandscapeLeft UIInterfaceOrientationLandscapeRight";
				IPHONEOS_DEPLOYMENT_TARGET = 17.0;
				LD_RUNPATH_SEARCH_PATHS = "@executable_path/Frameworks";
				"LD_RUNPATH_SEARCH_PATHS[sdk=macosx*]" = "@executable_path/../Frameworks";
				MACOSX_DEPLOYMENT_TARGET = 13.4;
				MARKETING_VERSION = 1.0;
				PRODUCT_BUNDLE_IDENTIFIER = "com.archgryphon.shut-ios";
				PRODUCT_NAME = "$(TARGET_NAME)";
				SDKROOT = auto;
				SUPPORTED_PLATFORMS = "iphoneos iphonesimulator macosx";
				SWIFT_EMIT_LOC_STRINGS = YES;
				SWIFT_VERSION = 5.0;
				TARGETED_DEVICE_FAMILY = "1,2";
			};
			name = Release;
		};
/* End XCBuildConfiguration section */

/* Begin XCConfigurationList section */
		FCA1AADB2AC1A4D1004578F4 /* Build configuration list for PBXProject "shut-ios" */ = {
			isa = XCConfigurationList;
			buildConfigurations = (
				FCA1AAED2AC1A4D2004578F4 /* Debug */,
				FCA1AAEE2AC1A4D2004578F4 /* Release */,
			);
			defaultConfigurationIsVisible = 0;
			defaultConfigurationName = Release;
		};
		FCA1AAEF2AC1A4D2004578F4 /* Build configuration list for PBXNativeTarget "shut-ios" */ = {
			isa = XCConfigurationList;
			buildConfigurations = (
				FCA1AAF02AC1A4D2004578F4 /* Debug */,
				FCA1AAF12AC1A4D2004578F4 /* Release */,
			);
			defaultConfigurationIsVisible = 0;
			defaultConfigurationName = Release;
		};
/* End XCConfigurationList section */

/* Begin XCRemoteSwiftPackageReference section */
		FC5F33872AC33945006B4E0B /* XCRemoteSwiftPackageReference "CryptoSwift" */ = {
			isa = XCRemoteSwiftPackageReference;
			repositoryURL = "https://github.com/krzyzanowskim/CryptoSwift.git";
			requirement = {
				kind = upToNextMajorVersion;
				minimumVersion = 1.8.0;
			};
		};
		FC5F338A2AC374DB006B4E0B /* XCRemoteSwiftPackageReference "swift-collections" */ = {
			isa = XCRemoteSwiftPackageReference;
			repositoryURL = "https://github.com/apple/swift-collections.git";
			requirement = {
				kind = upToNextMajorVersion;
				minimumVersion = 1.0.4;
			};
		};
/* End XCRemoteSwiftPackageReference section */

/* Begin XCSwiftPackageProductDependency section */
		FC5F33882AC33945006B4E0B /* CryptoSwift */ = {
			isa = XCSwiftPackageProductDependency;
			package = FC5F33872AC33945006B4E0B /* XCRemoteSwiftPackageReference "CryptoSwift" */;
			productName = CryptoSwift;
		};
		FC5F338B2AC374DB006B4E0B /* OrderedCollections */ = {
			isa = XCSwiftPackageProductDependency;
			package = FC5F338A2AC374DB006B4E0B /* XCRemoteSwiftPackageReference "swift-collections" */;
			productName = OrderedCollections;
		};
/* End XCSwiftPackageProductDependency section */
	};
	rootObject = FCA1AAD82AC1A4D1004578F4 /* Project object */;
}
