// !$*UTF8*$!
{
	archiveVersion = 1;
	classes = {
	};
	objectVersion = 56;
	objects = {

/* Begin PBXBuildFile section */
		FC0579F82AC9DCC0004D8C1F /* InfoView.swift in Sources */ = {isa = PBXBuildFile; fileRef = FC0579F72AC9DCC0004D8C1F /* InfoView.swift */; };
		FC0579FA2AC9DCCC004D8C1F /* MainConfigView.swift in Sources */ = {isa = PBXBuildFile; fileRef = FC0579F92AC9DCCC004D8C1F /* MainConfigView.swift */; };
		FC0579FC2AC9DCD3004D8C1F /* FlashView.swift in Sources */ = {isa = PBXBuildFile; fileRef = FC0579FB2AC9DCD3004D8C1F /* FlashView.swift */; };
		FC0579FE2AC9DCDD004D8C1F /* SHFWConfigView.swift in Sources */ = {isa = PBXBuildFile; fileRef = FC0579FD2AC9DCDD004D8C1F /* SHFWConfigView.swift */; };
		FC057A002ACA24BA004D8C1F /* Constants.swift in Sources */ = {isa = PBXBuildFile; fileRef = FC0579FF2ACA24BA004D8C1F /* Constants.swift */; };
		FC0B68BA2C8E5A6000765217 /* StockNBMessage.swift in Sources */ = {isa = PBXBuildFile; fileRef = FC0B68B92C8E5A6000765217 /* StockNBMessage.swift */; };
		FC298CAD2AD214CE000B9E55 /* ScooterCrypto.swift in Sources */ = {isa = PBXBuildFile; fileRef = FC298CAC2AD214CD000B9E55 /* ScooterCrypto.swift */; };
		FC298CAF2AD25374000B9E55 /* NinebotAuth.swift in Sources */ = {isa = PBXBuildFile; fileRef = FC298CAE2AD25374000B9E55 /* NinebotAuth.swift */; };
		FC5DE3D62B49983A003DE7AB /* XiaomiAuth.swift in Sources */ = {isa = PBXBuildFile; fileRef = FC5DE3D52B49983A003DE7AB /* XiaomiAuth.swift */; };
		FC5F337E2AC20BE1006B4E0B /* ScooterBluetooth.swift in Sources */ = {isa = PBXBuildFile; fileRef = FC5F337D2AC20BE1006B4E0B /* ScooterBluetooth.swift */; };
		FC5F33802AC213DE006B4E0B /* ScooterManager.swift in Sources */ = {isa = PBXBuildFile; fileRef = FC5F337F2AC213DE006B4E0B /* ScooterManager.swift */; };
		FC5F33862AC3391F006B4E0B /* NinebotCrypto.swift in Sources */ = {isa = PBXBuildFile; fileRef = FC5F33852AC3391F006B4E0B /* NinebotCrypto.swift */; };
		FC5F33892AC33945006B4E0B /* CryptoSwift in Frameworks */ = {isa = PBXBuildFile; productRef = FC5F33882AC33945006B4E0B /* CryptoSwift */; };
		FC5F338C2AC374DB006B4E0B /* OrderedCollections in Frameworks */ = {isa = PBXBuildFile; productRef = FC5F338B2AC374DB006B4E0B /* OrderedCollections */; };
		FC5F338E2AC98ABC006B4E0B /* ScooterView.swift in Sources */ = {isa = PBXBuildFile; fileRef = FC5F338D2AC98ABC006B4E0B /* ScooterView.swift */; };
		FC5F33902AC9D6B0006B4E0B /* ScooterIcons.xcassets in Resources */ = {isa = PBXBuildFile; fileRef = FC5F338F2AC9D6B0006B4E0B /* ScooterIcons.xcassets */; };
		FC6F69B92B6E926800928CF0 /* ScooterConfigView.swift in Sources */ = {isa = PBXBuildFile; fileRef = FC6F69B82B6E926800928CF0 /* ScooterConfigView.swift */; };
		FC6F69BB2B6E933B00928CF0 /* DashboardView.swift in Sources */ = {isa = PBXBuildFile; fileRef = FC6F69BA2B6E933B00928CF0 /* DashboardView.swift */; };
		FC6F69BF2B6EE0C000928CF0 /* TripsView.swift in Sources */ = {isa = PBXBuildFile; fileRef = FC6F69BE2B6EE0C000928CF0 /* TripsView.swift */; };
		FC8BECF82B67559B006DCBD8 /* NavigationBackport in Frameworks */ = {isa = PBXBuildFile; productRef = FC8BECF72B67559B006DCBD8 /* NavigationBackport */; };
		FC8D43482B6AC2E1004177BE /* SettingsView.swift in Sources */ = {isa = PBXBuildFile; fileRef = FC8D43472B6AC2E1004177BE /* SettingsView.swift */; };
		FC8D434A2B6AE89C004177BE /* SecretView.swift in Sources */ = {isa = PBXBuildFile; fileRef = FC8D43492B6AE89C004177BE /* SecretView.swift */; };
		FC8DE1B72ACCAE7300E92501 /* XiaomiCrypto.swift in Sources */ = {isa = PBXBuildFile; fileRef = FC8DE1B62ACCAE7300E92501 /* XiaomiCrypto.swift */; };
		FCA1AAE42AC1A4D1004578F4 /* ASUApp.swift in Sources */ = {isa = PBXBuildFile; fileRef = FCA1AAE32AC1A4D1004578F4 /* ASUApp.swift */; };
		FCA1AAE62AC1A4D1004578F4 /* DiscoveryView.swift in Sources */ = {isa = PBXBuildFile; fileRef = FCA1AAE52AC1A4D1004578F4 /* DiscoveryView.swift */; };
		FCA1AAE82AC1A4D2004578F4 /* Assets.xcassets in Resources */ = {isa = PBXBuildFile; fileRef = FCA1AAE72AC1A4D2004578F4 /* Assets.xcassets */; };
		FCA328452ACB2B08004D39B6 /* MessageGlue.swift in Sources */ = {isa = PBXBuildFile; fileRef = FCA328442ACB2B08004D39B6 /* MessageGlue.swift */; };
		FCA328472ACB6B1F004D39B6 /* Utilities.swift in Sources */ = {isa = PBXBuildFile; fileRef = FCA328462ACB6B1F004D39B6 /* Utilities.swift */; };
		FCAF3D2D2C4313B600C09DEF /* WriteLoop.swift in Sources */ = {isa = PBXBuildFile; fileRef = FCAF3D2C2C4313B600C09DEF /* WriteLoop.swift */; };
		FCAF3D2F2C43E13600C09DEF /* ListItem.swift in Sources */ = {isa = PBXBuildFile; fileRef = FCAF3D2E2C43E13600C09DEF /* ListItem.swift */; };
		FCAF3D312C43E48B00C09DEF /* SHFWMessage.swift in Sources */ = {isa = PBXBuildFile; fileRef = FCAF3D302C43E48B00C09DEF /* SHFWMessage.swift */; };
		FCCD20802C9DAA9F002A314A /* ScooterModel.swift in Sources */ = {isa = PBXBuildFile; fileRef = FCCD207F2C9DAA9F002A314A /* ScooterModel.swift */; };
		FCF4CC8A2B6AF01900F0310B /* AppSettings.swift in Sources */ = {isa = PBXBuildFile; fileRef = FCF4CC892B6AF01900F0310B /* AppSettings.swift */; };
		FCF4CC8C2B6BD7B200F0310B /* RawMessageManager.swift in Sources */ = {isa = PBXBuildFile; fileRef = FCF4CC8B2B6BD7B200F0310B /* RawMessageManager.swift */; };
		FCF4CC902B6BD91B00F0310B /* NinebotMessage.swift in Sources */ = {isa = PBXBuildFile; fileRef = FCF4CC8F2B6BD91B00F0310B /* NinebotMessage.swift */; };
/* End PBXBuildFile section */

/* Begin PBXFileReference section */
		FC0579F72AC9DCC0004D8C1F /* InfoView.swift */ = {isa = PBXFileReference; lastKnownFileType = sourcecode.swift; path = InfoView.swift; sourceTree = "<group>"; };
		FC0579F92AC9DCCC004D8C1F /* MainConfigView.swift */ = {isa = PBXFileReference; lastKnownFileType = sourcecode.swift; path = MainConfigView.swift; sourceTree = "<group>"; };
		FC0579FB2AC9DCD3004D8C1F /* FlashView.swift */ = {isa = PBXFileReference; lastKnownFileType = sourcecode.swift; path = FlashView.swift; sourceTree = "<group>"; };
		FC0579FD2AC9DCDD004D8C1F /* SHFWConfigView.swift */ = {isa = PBXFileReference; lastKnownFileType = sourcecode.swift; path = SHFWConfigView.swift; sourceTree = "<group>"; };
		FC0579FF2ACA24BA004D8C1F /* Constants.swift */ = {isa = PBXFileReference; lastKnownFileType = sourcecode.swift; path = Constants.swift; sourceTree = "<group>"; };
		FC0B68B92C8E5A6000765217 /* StockNBMessage.swift */ = {isa = PBXFileReference; lastKnownFileType = sourcecode.swift; path = StockNBMessage.swift; sourceTree = "<group>"; };
		FC298CAC2AD214CD000B9E55 /* ScooterCrypto.swift */ = {isa = PBXFileReference; lastKnownFileType = sourcecode.swift; path = ScooterCrypto.swift; sourceTree = "<group>"; };
		FC298CAE2AD25374000B9E55 /* NinebotAuth.swift */ = {isa = PBXFileReference; lastKnownFileType = sourcecode.swift; path = NinebotAuth.swift; sourceTree = "<group>"; };
		FC298CB02AD2588A000B9E55 /* OldXiaomiAuth.swift */ = {isa = PBXFileReference; lastKnownFileType = sourcecode.swift; path = OldXiaomiAuth.swift; sourceTree = "<group>"; };
		FC5DE3D52B49983A003DE7AB /* XiaomiAuth.swift */ = {isa = PBXFileReference; lastKnownFileType = sourcecode.swift; path = XiaomiAuth.swift; sourceTree = "<group>"; wrapsLines = 0; };
		FC5DE3D82B4AED97003DE7AB /* asu-app-Bridging-Header.h */ = {isa = PBXFileReference; lastKnownFileType = sourcecode.c.h; path = "asu-app-Bridging-Header.h"; sourceTree = "<group>"; };
		FC5DE3D92B4AED97003DE7AB /* CBCentralManagerHandler.m */ = {isa = PBXFileReference; lastKnownFileType = sourcecode.c.objc; path = CBCentralManagerHandler.m; sourceTree = "<group>"; };
		FC5DE3DB2B4AF8C8003DE7AB /* CBCentralManagerHandler.h */ = {isa = PBXFileReference; lastKnownFileType = sourcecode.c.h; path = CBCentralManagerHandler.h; sourceTree = "<group>"; };
		FC5DE3DC2B4B04AE003DE7AB /* CBCentralManager.h */ = {isa = PBXFileReference; lastKnownFileType = sourcecode.c.h; path = CBCentralManager.h; sourceTree = "<group>"; };
		FC5F337D2AC20BE1006B4E0B /* ScooterBluetooth.swift */ = {isa = PBXFileReference; lastKnownFileType = sourcecode.swift; path = ScooterBluetooth.swift; sourceTree = "<group>"; };
		FC5F337F2AC213DE006B4E0B /* ScooterManager.swift */ = {isa = PBXFileReference; lastKnownFileType = sourcecode.swift; path = ScooterManager.swift; sourceTree = "<group>"; };
		FC5F33852AC3391F006B4E0B /* NinebotCrypto.swift */ = {isa = PBXFileReference; lastKnownFileType = sourcecode.swift; path = NinebotCrypto.swift; sourceTree = "<group>"; };
		FC5F338D2AC98ABC006B4E0B /* ScooterView.swift */ = {isa = PBXFileReference; lastKnownFileType = sourcecode.swift; path = ScooterView.swift; sourceTree = "<group>"; };
		FC5F338F2AC9D6B0006B4E0B /* ScooterIcons.xcassets */ = {isa = PBXFileReference; lastKnownFileType = folder.assetcatalog; path = ScooterIcons.xcassets; sourceTree = "<group>"; };
		FC6F69B82B6E926800928CF0 /* ScooterConfigView.swift */ = {isa = PBXFileReference; lastKnownFileType = sourcecode.swift; path = ScooterConfigView.swift; sourceTree = "<group>"; };
		FC6F69BA2B6E933B00928CF0 /* DashboardView.swift */ = {isa = PBXFileReference; lastKnownFileType = sourcecode.swift; path = DashboardView.swift; sourceTree = "<group>"; };
		FC6F69BE2B6EE0C000928CF0 /* TripsView.swift */ = {isa = PBXFileReference; lastKnownFileType = sourcecode.swift; path = TripsView.swift; sourceTree = "<group>"; };
		FC8D43472B6AC2E1004177BE /* SettingsView.swift */ = {isa = PBXFileReference; lastKnownFileType = sourcecode.swift; path = SettingsView.swift; sourceTree = "<group>"; };
		FC8D43492B6AE89C004177BE /* SecretView.swift */ = {isa = PBXFileReference; lastKnownFileType = sourcecode.swift; path = SecretView.swift; sourceTree = "<group>"; };
		FC8DE1B62ACCAE7300E92501 /* XiaomiCrypto.swift */ = {isa = PBXFileReference; lastKnownFileType = sourcecode.swift; path = XiaomiCrypto.swift; sourceTree = "<group>"; };
		FCA1AAE02AC1A4D1004578F4 /* asu-app.app */ = {isa = PBXFileReference; explicitFileType = wrapper.application; includeInIndex = 0; path = "asu-app.app"; sourceTree = BUILT_PRODUCTS_DIR; };
		FCA1AAE32AC1A4D1004578F4 /* ASUApp.swift */ = {isa = PBXFileReference; lastKnownFileType = sourcecode.swift; path = ASUApp.swift; sourceTree = "<group>"; };
		FCA1AAE52AC1A4D1004578F4 /* DiscoveryView.swift */ = {isa = PBXFileReference; lastKnownFileType = sourcecode.swift; path = DiscoveryView.swift; sourceTree = "<group>"; };
		FCA1AAE72AC1A4D2004578F4 /* Assets.xcassets */ = {isa = PBXFileReference; lastKnownFileType = folder.assetcatalog; path = Assets.xcassets; sourceTree = "<group>"; };
		FCA1AAE92AC1A4D2004578F4 /* asu_app.entitlements */ = {isa = PBXFileReference; lastKnownFileType = text.plist.entitlements; path = asu_app.entitlements; sourceTree = "<group>"; };
		FCA328442ACB2B08004D39B6 /* MessageGlue.swift */ = {isa = PBXFileReference; lastKnownFileType = sourcecode.swift; path = MessageGlue.swift; sourceTree = "<group>"; };
		FCA328462ACB6B1F004D39B6 /* Utilities.swift */ = {isa = PBXFileReference; lastKnownFileType = sourcecode.swift; path = Utilities.swift; sourceTree = "<group>"; };
		FCAF3D2C2C4313B600C09DEF /* WriteLoop.swift */ = {isa = PBXFileReference; lastKnownFileType = sourcecode.swift; path = WriteLoop.swift; sourceTree = "<group>"; };
		FCAF3D2E2C43E13600C09DEF /* ListItem.swift */ = {isa = PBXFileReference; lastKnownFileType = sourcecode.swift; path = ListItem.swift; sourceTree = "<group>"; };
		FCAF3D302C43E48B00C09DEF /* SHFWMessage.swift */ = {isa = PBXFileReference; lastKnownFileType = sourcecode.swift; path = SHFWMessage.swift; sourceTree = "<group>"; };
		FCCD207F2C9DAA9F002A314A /* ScooterModel.swift */ = {isa = PBXFileReference; lastKnownFileType = sourcecode.swift; path = ScooterModel.swift; sourceTree = "<group>"; };
		FCF4CC892B6AF01900F0310B /* AppSettings.swift */ = {isa = PBXFileReference; lastKnownFileType = sourcecode.swift; path = AppSettings.swift; sourceTree = "<group>"; };
		FCF4CC8B2B6BD7B200F0310B /* RawMessageManager.swift */ = {isa = PBXFileReference; lastKnownFileType = sourcecode.swift; path = RawMessageManager.swift; sourceTree = "<group>"; };
		FCF4CC8F2B6BD91B00F0310B /* NinebotMessage.swift */ = {isa = PBXFileReference; lastKnownFileType = sourcecode.swift; path = NinebotMessage.swift; sourceTree = "<group>"; };
/* End PBXFileReference section */

/* Begin PBXFrameworksBuildPhase section */
		FCA1AADD2AC1A4D1004578F4 /* Frameworks */ = {
			isa = PBXFrameworksBuildPhase;
			buildActionMask = 2147483647;
			files = (
				FC5F338C2AC374DB006B4E0B /* OrderedCollections in Frameworks */,
				FC5F33892AC33945006B4E0B /* CryptoSwift in Frameworks */,
				FC8BECF82B67559B006DCBD8 /* NavigationBackport in Frameworks */,
			);
			runOnlyForDeploymentPostprocessing = 0;
		};
/* End PBXFrameworksBuildPhase section */

/* Begin PBXGroup section */
		FC0579F42AC9DC90004D8C1F /* Views */ = {
			isa = PBXGroup;
			children = (
				FCA1AAE52AC1A4D1004578F4 /* DiscoveryView.swift */,
				FC6F69BC2B6EE05900928CF0 /* ScooterView */,
				FC6F69BD2B6EE07F00928CF0 /* ScooterConfigView */,
				FC8D43472B6AC2E1004177BE /* SettingsView.swift */,
				FC8D43492B6AE89C004177BE /* SecretView.swift */,
				FCAF3D2E2C43E13600C09DEF /* ListItem.swift */,
			);
			path = Views;
			sourceTree = "<group>";
		};
		FC5DE3D72B4AED67003DE7AB /* ApplePrivate */ = {
			isa = PBXGroup;
			children = (
				FC5DE3D92B4AED97003DE7AB /* CBCentralManagerHandler.m */,
				FC5DE3D82B4AED97003DE7AB /* asu-app-Bridging-Header.h */,
				FC5DE3DB2B4AF8C8003DE7AB /* CBCentralManagerHandler.h */,
				FC5DE3DC2B4B04AE003DE7AB /* CBCentralManager.h */,
			);
			path = ApplePrivate;
			sourceTree = "<group>";
		};
		FC6F69BC2B6EE05900928CF0 /* ScooterView */ = {
			isa = PBXGroup;
			children = (
				FC5F338D2AC98ABC006B4E0B /* ScooterView.swift */,
				FC6F69BA2B6E933B00928CF0 /* DashboardView.swift */,
				FC6F69BE2B6EE0C000928CF0 /* TripsView.swift */,
				FC0579F72AC9DCC0004D8C1F /* InfoView.swift */,
			);
			path = ScooterView;
			sourceTree = "<group>";
		};
		FC6F69BD2B6EE07F00928CF0 /* ScooterConfigView */ = {
			isa = PBXGroup;
			children = (
				FC6F69B82B6E926800928CF0 /* ScooterConfigView.swift */,
				FC0579F92AC9DCCC004D8C1F /* MainConfigView.swift */,
				FC0579FB2AC9DCD3004D8C1F /* FlashView.swift */,
				FC0579FD2AC9DCDD004D8C1F /* SHFWConfigView.swift */,
			);
			path = ScooterConfigView;
			sourceTree = "<group>";
		};
		FC8DE1B82ACCAEB400E92501 /* Assets */ = {
			isa = PBXGroup;
			children = (
				FC5F338F2AC9D6B0006B4E0B /* ScooterIcons.xcassets */,
				FCA1AAE72AC1A4D2004578F4 /* Assets.xcassets */,
			);
			path = Assets;
			sourceTree = "<group>";
		};
		FC8DE1B92ACCAEE000E92501 /* Crypto */ = {
			isa = PBXGroup;
			children = (
				FC5F33852AC3391F006B4E0B /* NinebotCrypto.swift */,
				FC298CAE2AD25374000B9E55 /* NinebotAuth.swift */,
				FC8DE1B62ACCAE7300E92501 /* XiaomiCrypto.swift */,
				FC298CB02AD2588A000B9E55 /* OldXiaomiAuth.swift */,
				FC5DE3D52B49983A003DE7AB /* XiaomiAuth.swift */,
				FC298CAC2AD214CD000B9E55 /* ScooterCrypto.swift */,
			);
			path = Crypto;
			sourceTree = "<group>";
		};
		FC8DE1BA2ACCAF3500E92501 /* AppLogic */ = {
			isa = PBXGroup;
			children = (
				FCAD7CA42C946D79008A52B6 /* LowLevel */,
				FCF4CC8E2B6BD8D600F0310B /* MemoryTables */,
				FC5F337F2AC213DE006B4E0B /* ScooterManager.swift */,
				FCF4CC892B6AF01900F0310B /* AppSettings.swift */,
			);
			path = AppLogic;
			sourceTree = "<group>";
		};
		FCA1AAD72AC1A4D1004578F4 = {
			isa = PBXGroup;
			children = (
				FCA1AAE22AC1A4D1004578F4 /* asu-app */,
				FCA1AAE12AC1A4D1004578F4 /* Products */,
			);
			sourceTree = "<group>";
		};
		FCA1AAE12AC1A4D1004578F4 /* Products */ = {
			isa = PBXGroup;
			children = (
				FCA1AAE02AC1A4D1004578F4 /* asu-app.app */,
			);
			name = Products;
			sourceTree = "<group>";
		};
		FCA1AAE22AC1A4D1004578F4 /* asu-app */ = {
			isa = PBXGroup;
			children = (
				FC5DE3D72B4AED67003DE7AB /* ApplePrivate */,
				FC0579F42AC9DC90004D8C1F /* Views */,
				FC8DE1B82ACCAEB400E92501 /* Assets */,
				FC8DE1B92ACCAEE000E92501 /* Crypto */,
				FCCD207E2C9DA969002A314A /* DataModels */,
				FC8DE1BA2ACCAF3500E92501 /* AppLogic */,
				FC0579FF2ACA24BA004D8C1F /* Constants.swift */,
				FCA328462ACB6B1F004D39B6 /* Utilities.swift */,
				FCA1AAE32AC1A4D1004578F4 /* ASUApp.swift */,
				FCA1AAE92AC1A4D2004578F4 /* asu_app.entitlements */,
			);
			path = "asu-app";
			sourceTree = "<group>";
		};
		FCAD7CA42C946D79008A52B6 /* LowLevel */ = {
			isa = PBXGroup;
			children = (
				FC5F337D2AC20BE1006B4E0B /* ScooterBluetooth.swift */,
				FCAF3D2C2C4313B600C09DEF /* WriteLoop.swift */,
				FCA328442ACB2B08004D39B6 /* MessageGlue.swift */,
				FCF4CC8B2B6BD7B200F0310B /* RawMessageManager.swift */,
			);
			path = LowLevel;
			sourceTree = "<group>";
		};
		FCCD207E2C9DA969002A314A /* DataModels */ = {
			isa = PBXGroup;
			children = (
				FCCD207F2C9DAA9F002A314A /* ScooterModel.swift */,
				FCF4CC8F2B6BD91B00F0310B /* NinebotMessage.swift */,
			);
			path = DataModels;
			sourceTree = "<group>";
		};
		FCF4CC8E2B6BD8D600F0310B /* MemoryTables */ = {
			isa = PBXGroup;
			children = (
				FCAF3D302C43E48B00C09DEF /* SHFWMessage.swift */,
				FC0B68B92C8E5A6000765217 /* StockNBMessage.swift */,
			);
			path = MemoryTables;
			sourceTree = "<group>";
		};
/* End PBXGroup section */

/* Begin PBXNativeTarget section */
		FCA1AADF2AC1A4D1004578F4 /* asu-app */ = {
			isa = PBXNativeTarget;
			buildConfigurationList = FCA1AAEF2AC1A4D2004578F4 /* Build configuration list for PBXNativeTarget "asu-app" */;
			buildPhases = (
				FCA1AADC2AC1A4D1004578F4 /* Sources */,
				FCA1AADD2AC1A4D1004578F4 /* Frameworks */,
				FCA1AADE2AC1A4D1004578F4 /* Resources */,
			);
			buildRules = (
			);
			dependencies = (
			);
			name = "asu-app";
			packageProductDependencies = (
				FC5F33882AC33945006B4E0B /* CryptoSwift */,
				FC5F338B2AC374DB006B4E0B /* OrderedCollections */,
				FC8BECF72B67559B006DCBD8 /* NavigationBackport */,
			);
			productName = "shut-ios";
			productReference = FCA1AAE02AC1A4D1004578F4 /* asu-app.app */;
			productType = "com.apple.product-type.application";
		};
/* End PBXNativeTarget section */

/* Begin PBXProject section */
		FCA1AAD82AC1A4D1004578F4 /* Project object */ = {
			isa = PBXProject;
			attributes = {
				BuildIndependentTargetsInParallel = 1;
				LastSwiftUpdateCheck = 1500;
				LastUpgradeCheck = 1500;
				ORGANIZATIONNAME = "";
				TargetAttributes = {
					FCA1AADF2AC1A4D1004578F4 = {
						CreatedOnToolsVersion = 15.0;
						LastSwiftMigration = 1500;
					};
				};
			};
			buildConfigurationList = FCA1AADB2AC1A4D1004578F4 /* Build configuration list for PBXProject "asu-app" */;
			compatibilityVersion = "Xcode 14.0";
			developmentRegion = en;
			hasScannedForEncodings = 0;
			knownRegions = (
				en,
				Base,
			);
			mainGroup = FCA1AAD72AC1A4D1004578F4;
			packageReferences = (
				FC5F33872AC33945006B4E0B /* XCRemoteSwiftPackageReference "CryptoSwift" */,
				FC5F338A2AC374DB006B4E0B /* XCRemoteSwiftPackageReference "swift-collections" */,
				FC8BECF62B67559B006DCBD8 /* XCRemoteSwiftPackageReference "NavigationBackport" */,
			);
			productRefGroup = FCA1AAE12AC1A4D1004578F4 /* Products */;
			projectDirPath = "";
			projectRoot = "";
			targets = (
				FCA1AADF2AC1A4D1004578F4 /* asu-app */,
			);
		};
/* End PBXProject section */

/* Begin PBXResourcesBuildPhase section */
		FCA1AADE2AC1A4D1004578F4 /* Resources */ = {
			isa = PBXResourcesBuildPhase;
			buildActionMask = 2147483647;
			files = (
				FCA1AAE82AC1A4D2004578F4 /* Assets.xcassets in Resources */,
				FC5F33902AC9D6B0006B4E0B /* ScooterIcons.xcassets in Resources */,
			);
			runOnlyForDeploymentPostprocessing = 0;
		};
/* End PBXResourcesBuildPhase section */

/* Begin PBXSourcesBuildPhase section */
		FCA1AADC2AC1A4D1004578F4 /* Sources */ = {
			isa = PBXSourcesBuildPhase;
			buildActionMask = 2147483647;
			files = (
				FCF4CC8C2B6BD7B200F0310B /* RawMessageManager.swift in Sources */,
				FC0579FE2AC9DCDD004D8C1F /* SHFWConfigView.swift in Sources */,
				FC5F33802AC213DE006B4E0B /* ScooterManager.swift in Sources */,
				FCAF3D2D2C4313B600C09DEF /* WriteLoop.swift in Sources */,
				FCA328472ACB6B1F004D39B6 /* Utilities.swift in Sources */,
				FCA1AAE62AC1A4D1004578F4 /* DiscoveryView.swift in Sources */,
				FC0B68BA2C8E5A6000765217 /* StockNBMessage.swift in Sources */,
				FC8D43482B6AC2E1004177BE /* SettingsView.swift in Sources */,
				FCCD20802C9DAA9F002A314A /* ScooterModel.swift in Sources */,
				FC6F69B92B6E926800928CF0 /* ScooterConfigView.swift in Sources */,
				FC8D434A2B6AE89C004177BE /* SecretView.swift in Sources */,
				FCAF3D2F2C43E13600C09DEF /* ListItem.swift in Sources */,
				FC6F69BF2B6EE0C000928CF0 /* TripsView.swift in Sources */,
				FC8DE1B72ACCAE7300E92501 /* XiaomiCrypto.swift in Sources */,
				FC6F69BB2B6E933B00928CF0 /* DashboardView.swift in Sources */,
				FC0579FA2AC9DCCC004D8C1F /* MainConfigView.swift in Sources */,
				FC298CAD2AD214CE000B9E55 /* ScooterCrypto.swift in Sources */,
				FC0579FC2AC9DCD3004D8C1F /* FlashView.swift in Sources */,
				FC057A002ACA24BA004D8C1F /* Constants.swift in Sources */,
				FCF4CC902B6BD91B00F0310B /* NinebotMessage.swift in Sources */,
				FC5F337E2AC20BE1006B4E0B /* ScooterBluetooth.swift in Sources */,
				FC5F33862AC3391F006B4E0B /* NinebotCrypto.swift in Sources */,
				FCA328452ACB2B08004D39B6 /* MessageGlue.swift in Sources */,
				FC5F338E2AC98ABC006B4E0B /* ScooterView.swift in Sources */,
				FC0579F82AC9DCC0004D8C1F /* InfoView.swift in Sources */,
				FCAF3D312C43E48B00C09DEF /* SHFWMessage.swift in Sources */,
				FC5DE3D62B49983A003DE7AB /* XiaomiAuth.swift in Sources */,
				FC298CAF2AD25374000B9E55 /* NinebotAuth.swift in Sources */,
				FCF4CC8A2B6AF01900F0310B /* AppSettings.swift in Sources */,
				FCA1AAE42AC1A4D1004578F4 /* ASUApp.swift in Sources */,
			);
			runOnlyForDeploymentPostprocessing = 0;
		};
/* End PBXSourcesBuildPhase section */

/* Begin XCBuildConfiguration section */
		FCA1AAED2AC1A4D2004578F4 /* Debug */ = {
			isa = XCBuildConfiguration;
			buildSettings = {
				ALWAYS_SEARCH_USER_PATHS = NO;
				ASSETCATALOG_COMPILER_GENERATE_SWIFT_ASSET_SYMBOL_EXTENSIONS = YES;
				CLANG_ANALYZER_NONNULL = YES;
				CLANG_ANALYZER_NUMBER_OBJECT_CONVERSION = YES_AGGRESSIVE;
				CLANG_CXX_LANGUAGE_STANDARD = "gnu++20";
				CLANG_ENABLE_MODULES = YES;
				CLANG_ENABLE_OBJC_ARC = YES;
				CLANG_ENABLE_OBJC_WEAK = YES;
				CLANG_WARN_BLOCK_CAPTURE_AUTORELEASING = YES;
				CLANG_WARN_BOOL_CONVERSION = YES;
				CLANG_WARN_COMMA = YES;
				CLANG_WARN_CONSTANT_CONVERSION = YES;
				CLANG_WARN_DEPRECATED_OBJC_IMPLEMENTATIONS = YES;
				CLANG_WARN_DIRECT_OBJC_ISA_USAGE = YES_ERROR;
				CLANG_WARN_DOCUMENTATION_COMMENTS = YES;
				CLANG_WARN_EMPTY_BODY = YES;
				CLANG_WARN_ENUM_CONVERSION = YES;
				CLANG_WARN_INFINITE_RECURSION = YES;
				CLANG_WARN_INT_CONVERSION = YES;
				CLANG_WARN_NON_LITERAL_NULL_CONVERSION = YES;
				CLANG_WARN_OBJC_IMPLICIT_RETAIN_SELF = YES;
				CLANG_WARN_OBJC_LITERAL_CONVERSION = YES;
				CLANG_WARN_OBJC_ROOT_CLASS = YES_ERROR;
				CLANG_WARN_QUOTED_INCLUDE_IN_FRAMEWORK_HEADER = YES;
				CLANG_WARN_RANGE_LOOP_ANALYSIS = YES;
				CLANG_WARN_STRICT_PROTOTYPES = YES;
				CLANG_WARN_SUSPICIOUS_MOVE = YES;
				CLANG_WARN_UNGUARDED_AVAILABILITY = YES_AGGRESSIVE;
				CLANG_WARN_UNREACHABLE_CODE = YES;
				CLANG_WARN__DUPLICATE_METHOD_MATCH = YES;
				COPY_PHASE_STRIP = NO;
				DEBUG_INFORMATION_FORMAT = dwarf;
				ENABLE_STRICT_OBJC_MSGSEND = YES;
				ENABLE_TESTABILITY = YES;
				ENABLE_USER_SCRIPT_SANDBOXING = YES;
				GCC_C_LANGUAGE_STANDARD = gnu17;
				GCC_DYNAMIC_NO_PIC = NO;
				GCC_NO_COMMON_BLOCKS = YES;
				GCC_OPTIMIZATION_LEVEL = 0;
				GCC_PREPROCESSOR_DEFINITIONS = (
					"DEBUG=1",
					"$(inherited)",
				);
				GCC_WARN_64_TO_32_BIT_CONVERSION = YES;
				GCC_WARN_ABOUT_RETURN_TYPE = YES_ERROR;
				GCC_WARN_UNDECLARED_SELECTOR = YES;
				GCC_WARN_UNINITIALIZED_AUTOS = YES_AGGRESSIVE;
				GCC_WARN_UNUSED_FUNCTION = YES;
				GCC_WARN_UNUSED_VARIABLE = YES;
				LOCALIZATION_PREFERS_STRING_CATALOGS = YES;
				MTL_ENABLE_DEBUG_INFO = INCLUDE_SOURCE;
				MTL_FAST_MATH = YES;
				ONLY_ACTIVE_ARCH = YES;
				SWIFT_ACTIVE_COMPILATION_CONDITIONS = "DEBUG $(inherited)";
				SWIFT_OPTIMIZATION_LEVEL = "-Onone";
			};
			name = Debug;
		};
		FCA1AAEE2AC1A4D2004578F4 /* Release */ = {
			isa = XCBuildConfiguration;
			buildSettings = {
				ALWAYS_SEARCH_USER_PATHS = NO;
				ASSETCATALOG_COMPILER_GENERATE_SWIFT_ASSET_SYMBOL_EXTENSIONS = YES;
				CLANG_ANALYZER_NONNULL = YES;
				CLANG_ANALYZER_NUMBER_OBJECT_CONVERSION = YES_AGGRESSIVE;
				CLANG_CXX_LANGUAGE_STANDARD = "gnu++20";
				CLANG_ENABLE_MODULES = YES;
				CLANG_ENABLE_OBJC_ARC = YES;
				CLANG_ENABLE_OBJC_WEAK = YES;
				CLANG_WARN_BLOCK_CAPTURE_AUTORELEASING = YES;
				CLANG_WARN_BOOL_CONVERSION = YES;
				CLANG_WARN_COMMA = YES;
				CLANG_WARN_CONSTANT_CONVERSION = YES;
				CLANG_WARN_DEPRECATED_OBJC_IMPLEMENTATIONS = YES;
				CLANG_WARN_DIRECT_OBJC_ISA_USAGE = YES_ERROR;
				CLANG_WARN_DOCUMENTATION_COMMENTS = YES;
				CLANG_WARN_EMPTY_BODY = YES;
				CLANG_WARN_ENUM_CONVERSION = YES;
				CLANG_WARN_INFINITE_RECURSION = YES;
				CLANG_WARN_INT_CONVERSION = YES;
				CLANG_WARN_NON_LITERAL_NULL_CONVERSION = YES;
				CLANG_WARN_OBJC_IMPLICIT_RETAIN_SELF = YES;
				CLANG_WARN_OBJC_LITERAL_CONVERSION = YES;
				CLANG_WARN_OBJC_ROOT_CLASS = YES_ERROR;
				CLANG_WARN_QUOTED_INCLUDE_IN_FRAMEWORK_HEADER = YES;
				CLANG_WARN_RANGE_LOOP_ANALYSIS = YES;
				CLANG_WARN_STRICT_PROTOTYPES = YES;
				CLANG_WARN_SUSPICIOUS_MOVE = YES;
				CLANG_WARN_UNGUARDED_AVAILABILITY = YES_AGGRESSIVE;
				CLANG_WARN_UNREACHABLE_CODE = YES;
				CLANG_WARN__DUPLICATE_METHOD_MATCH = YES;
				COPY_PHASE_STRIP = NO;
				DEBUG_INFORMATION_FORMAT = "dwarf-with-dsym";
				ENABLE_NS_ASSERTIONS = NO;
				ENABLE_STRICT_OBJC_MSGSEND = YES;
				ENABLE_USER_SCRIPT_SANDBOXING = YES;
				GCC_C_LANGUAGE_STANDARD = gnu17;
				GCC_NO_COMMON_BLOCKS = YES;
				GCC_WARN_64_TO_32_BIT_CONVERSION = YES;
				GCC_WARN_ABOUT_RETURN_TYPE = YES_ERROR;
				GCC_WARN_UNDECLARED_SELECTOR = YES;
				GCC_WARN_UNINITIALIZED_AUTOS = YES_AGGRESSIVE;
				GCC_WARN_UNUSED_FUNCTION = YES;
				GCC_WARN_UNUSED_VARIABLE = YES;
				LOCALIZATION_PREFERS_STRING_CATALOGS = YES;
				MTL_ENABLE_DEBUG_INFO = NO;
				MTL_FAST_MATH = YES;
				SWIFT_COMPILATION_MODE = wholemodule;
			};
			name = Release;
		};
		FCA1AAF02AC1A4D2004578F4 /* Debug */ = {
			isa = XCBuildConfiguration;
			buildSettings = {
				ASSETCATALOG_COMPILER_APPICON_NAME = AppIcon;
				ASSETCATALOG_COMPILER_GLOBAL_ACCENT_COLOR_NAME = AccentColor;
				CLANG_ENABLE_MODULES = YES;
				CODE_SIGN_ENTITLEMENTS = "asu-app/asu_app.entitlements";
				CODE_SIGN_IDENTITY = "Apple Development";
				CODE_SIGN_STYLE = Automatic;
				CURRENT_PROJECT_VERSION = 1;
				DEVELOPMENT_ASSET_PATHS = "";
				DEVELOPMENT_TEAM = 8GX54X43A7;
				ENABLE_HARDENED_RUNTIME = YES;
				ENABLE_PREVIEWS = YES;
				GENERATE_INFOPLIST_FILE = YES;
				INFOPLIST_KEY_CFBundleDisplayName = asu;
				INFOPLIST_KEY_LSApplicationCategoryType = "public.app-category.utilities";
				INFOPLIST_KEY_NSBluetoothAlwaysUsageDescription = "Used to communicate with your electric scooter";
				"INFOPLIST_KEY_UIApplicationSceneManifest_Generation[sdk=iphoneos*]" = YES;
				"INFOPLIST_KEY_UIApplicationSceneManifest_Generation[sdk=iphonesimulator*]" = YES;
				"INFOPLIST_KEY_UIApplicationSupportsIndirectInputEvents[sdk=iphoneos*]" = YES;
				"INFOPLIST_KEY_UIApplicationSupportsIndirectInputEvents[sdk=iphonesimulator*]" = YES;
				"INFOPLIST_KEY_UILaunchScreen_Generation[sdk=iphoneos*]" = YES;
				"INFOPLIST_KEY_UILaunchScreen_Generation[sdk=iphonesimulator*]" = YES;
				"INFOPLIST_KEY_UIStatusBarStyle[sdk=iphoneos*]" = UIStatusBarStyleDefault;
				"INFOPLIST_KEY_UIStatusBarStyle[sdk=iphonesimulator*]" = UIStatusBarStyleDefault;
				INFOPLIST_KEY_UISupportedInterfaceOrientations_iPad = "UIInterfaceOrientationPortrait UIInterfaceOrientationPortraitUpsideDown UIInterfaceOrientationLandscapeLeft UIInterfaceOrientationLandscapeRight";
				INFOPLIST_KEY_UISupportedInterfaceOrientations_iPhone = "UIInterfaceOrientationPortrait UIInterfaceOrientationLandscapeLeft UIInterfaceOrientationLandscapeRight";
				IPHONEOS_DEPLOYMENT_TARGET = 14.0;
				LD_RUNPATH_SEARCH_PATHS = "@executable_path/Frameworks";
				"LD_RUNPATH_SEARCH_PATHS[sdk=macosx*]" = "@executable_path/../Frameworks";
				MACOSX_DEPLOYMENT_TARGET = 13.0;
				MARKETING_VERSION = 1.0;
				PRODUCT_BUNDLE_IDENTIFIER = dev.nyaaa.asu.publicgh;
				PRODUCT_NAME = "$(TARGET_NAME)";
				PROVISIONING_PROFILE_SPECIFIER = "";
				SDKROOT = auto;
				SUPPORTED_PLATFORMS = "iphoneos iphonesimulator macosx";
				SWIFT_EMIT_LOC_STRINGS = YES;
				SWIFT_OBJC_BRIDGING_HEADER = "asu-app/ApplePrivate/asu-app-Bridging-Header.h";
				SWIFT_OPTIMIZATION_LEVEL = "-Onone";
				SWIFT_VERSION = 5.0;
				TARGETED_DEVICE_FAMILY = "1,2";
			};
			name = Debug;
		};
		FCA1AAF12AC1A4D2004578F4 /* Release */ = {
			isa = XCBuildConfiguration;
			buildSettings = {
				ASSETCATALOG_COMPILER_APPICON_NAME = AppIcon;
				ASSETCATALOG_COMPILER_GLOBAL_ACCENT_COLOR_NAME = AccentColor;
				CLANG_ENABLE_MODULES = YES;
				CODE_SIGN_ENTITLEMENTS = "asu-app/asu_app.entitlements";
				CODE_SIGN_IDENTITY = "Apple Development";
				CODE_SIGN_STYLE = Automatic;
				CURRENT_PROJECT_VERSION = 1;
				DEVELOPMENT_ASSET_PATHS = "";
				DEVELOPMENT_TEAM = 8GX54X43A7;
				ENABLE_HARDENED_RUNTIME = YES;
				ENABLE_PREVIEWS = YES;
				GENERATE_INFOPLIST_FILE = YES;
				INFOPLIST_KEY_CFBundleDisplayName = asu;
				INFOPLIST_KEY_LSApplicationCategoryType = "public.app-category.utilities";
				INFOPLIST_KEY_NSBluetoothAlwaysUsageDescription = "Used to communicate with your electric scooter";
				"INFOPLIST_KEY_UIApplicationSceneManifest_Generation[sdk=iphoneos*]" = YES;
				"INFOPLIST_KEY_UIApplicationSceneManifest_Generation[sdk=iphonesimulator*]" = YES;
				"INFOPLIST_KEY_UIApplicationSupportsIndirectInputEvents[sdk=iphoneos*]" = YES;
				"INFOPLIST_KEY_UIApplicationSupportsIndirectInputEvents[sdk=iphonesimulator*]" = YES;
				"INFOPLIST_KEY_UILaunchScreen_Generation[sdk=iphoneos*]" = YES;
				"INFOPLIST_KEY_UILaunchScreen_Generation[sdk=iphonesimulator*]" = YES;
				"INFOPLIST_KEY_UIStatusBarStyle[sdk=iphoneos*]" = UIStatusBarStyleDefault;
				"INFOPLIST_KEY_UIStatusBarStyle[sdk=iphonesimulator*]" = UIStatusBarStyleDefault;
				INFOPLIST_KEY_UISupportedInterfaceOrientations_iPad = "UIInterfaceOrientationPortrait UIInterfaceOrientationPortraitUpsideDown UIInterfaceOrientationLandscapeLeft UIInterfaceOrientationLandscapeRight";
				INFOPLIST_KEY_UISupportedInterfaceOrientations_iPhone = "UIInterfaceOrientationPortrait UIInterfaceOrientationLandscapeLeft UIInterfaceOrientationLandscapeRight";
				IPHONEOS_DEPLOYMENT_TARGET = 14.0;
				LD_RUNPATH_SEARCH_PATHS = "@executable_path/Frameworks";
				"LD_RUNPATH_SEARCH_PATHS[sdk=macosx*]" = "@executable_path/../Frameworks";
				MACOSX_DEPLOYMENT_TARGET = 13.0;
				MARKETING_VERSION = 1.0;
				PRODUCT_BUNDLE_IDENTIFIER = dev.nyaaa.asu.publicgh;
				PRODUCT_NAME = "$(TARGET_NAME)";
				PROVISIONING_PROFILE_SPECIFIER = "";
				SDKROOT = auto;
				SUPPORTED_PLATFORMS = "iphoneos iphonesimulator macosx";
				SWIFT_EMIT_LOC_STRINGS = YES;
				SWIFT_OBJC_BRIDGING_HEADER = "asu-app/ApplePrivate/asu-app-Bridging-Header.h";
				SWIFT_VERSION = 5.0;
				TARGETED_DEVICE_FAMILY = "1,2";
			};
			name = Release;
		};
/* End XCBuildConfiguration section */

/* Begin XCConfigurationList section */
		FCA1AADB2AC1A4D1004578F4 /* Build configuration list for PBXProject "asu-app" */ = {
			isa = XCConfigurationList;
			buildConfigurations = (
				FCA1AAED2AC1A4D2004578F4 /* Debug */,
				FCA1AAEE2AC1A4D2004578F4 /* Release */,
			);
			defaultConfigurationIsVisible = 0;
			defaultConfigurationName = Release;
		};
		FCA1AAEF2AC1A4D2004578F4 /* Build configuration list for PBXNativeTarget "asu-app" */ = {
			isa = XCConfigurationList;
			buildConfigurations = (
				FCA1AAF02AC1A4D2004578F4 /* Debug */,
				FCA1AAF12AC1A4D2004578F4 /* Release */,
			);
			defaultConfigurationIsVisible = 0;
			defaultConfigurationName = Release;
		};
/* End XCConfigurationList section */

/* Begin XCRemoteSwiftPackageReference section */
		FC5F33872AC33945006B4E0B /* XCRemoteSwiftPackageReference "CryptoSwift" */ = {
			isa = XCRemoteSwiftPackageReference;
			repositoryURL = "https://github.com/krzyzanowskim/CryptoSwift.git";
			requirement = {
				kind = upToNextMajorVersion;
				minimumVersion = 1.8.0;
			};
		};
		FC5F338A2AC374DB006B4E0B /* XCRemoteSwiftPackageReference "swift-collections" */ = {
			isa = XCRemoteSwiftPackageReference;
			repositoryURL = "https://github.com/apple/swift-collections.git";
			requirement = {
				kind = upToNextMajorVersion;
				minimumVersion = 1.0.4;
			};
		};
		FC8BECF62B67559B006DCBD8 /* XCRemoteSwiftPackageReference "NavigationBackport" */ = {
			isa = XCRemoteSwiftPackageReference;
			repositoryURL = "https://github.com/johnpatrickmorgan/NavigationBackport";
			requirement = {
				kind = upToNextMajorVersion;
				minimumVersion = 0.9.1;
			};
		};
/* End XCRemoteSwiftPackageReference section */

/* Begin XCSwiftPackageProductDependency section */
		FC5F33882AC33945006B4E0B /* CryptoSwift */ = {
			isa = XCSwiftPackageProductDependency;
			package = FC5F33872AC33945006B4E0B /* XCRemoteSwiftPackageReference "CryptoSwift" */;
			productName = CryptoSwift;
		};
		FC5F338B2AC374DB006B4E0B /* OrderedCollections */ = {
			isa = XCSwiftPackageProductDependency;
			package = FC5F338A2AC374DB006B4E0B /* XCRemoteSwiftPackageReference "swift-collections" */;
			productName = OrderedCollections;
		};
		FC8BECF72B67559B006DCBD8 /* NavigationBackport */ = {
			isa = XCSwiftPackageProductDependency;
			package = FC8BECF62B67559B006DCBD8 /* XCRemoteSwiftPackageReference "NavigationBackport" */;
			productName = NavigationBackport;
		};
/* End XCSwiftPackageProductDependency section */
	};
	rootObject = FCA1AAD82AC1A4D1004578F4 /* Project object */;
}
